
Microsoft Visual Studio Solution File, Format Version 12.00
# Visual Studio Version 17
VisualStudioVersion = 17.5.33424.131
MinimumVisualStudioVersion = 10.0.40219.1
Project("{FAE04EC0-301F-11D3-BF4B-00C04F79EFBC}") = "Lab 1", "Lab 1\Lab 1.csproj", "{C56F5E7D-14F2-4EF6-B259-94FEBE7EDD54}"
EndProject
Project("{FAE04EC0-301F-11D3-BF4B-00C04F79EFBC}") = "lab1.2", "lab1.2\lab1.2.csproj", "{B7C59A47-D1E6-4615-8D48-B10D02195406}"
EndProject
Project("{FAE04EC0-301F-11D3-BF4B-00C04F79EFBC}") = "lab1.3", "lab1.3\lab1.3.csproj", "{3E33C15D-61F4-4DBB-B6C8-88DA8EAD39D5}"
EndProject
Global
	GlobalSection(SolutionConfigurationPlatforms) = preSolution
		Debug|Any CPU = Debug|Any CPU
		Release|Any CPU = Release|Any CPU
	EndGlobalSection
	GlobalSection(ProjectConfigurationPlatforms) = postSolution
		{C56F5E7D-14F2-4EF6-B259-94FEBE7EDD54}.Debug|Any CPU.ActiveCfg = Debug|Any CPU
		{C56F5E7D-14F2-4EF6-B259-94FEBE7EDD54}.Debug|Any CPU.Build.0 = Debug|Any CPU
		{C56F5E7D-14F2-4EF6-B259-94FEBE7EDD54}.Release|Any CPU.ActiveCfg = Release|Any CPU
		{C56F5E7D-14F2-4EF6-B259-94FEBE7EDD54}.Release|Any CPU.Build.0 = Release|Any CPU
		{B7C59A47-D1E6-4615-8D48-B10D02195406}.Debug|Any CPU.ActiveCfg = Debug|Any CPU
		{B7C59A47-D1E6-4615-8D48-B10D02195406}.Debug|Any CPU.Build.0 = Debug|Any CPU
		{B7C59A47-D1E6-4615-8D48-B10D02195406}.Release|Any CPU.ActiveCfg = Release|Any CPU
		{B7C59A47-D1E6-4615-8D48-B10D02195406}.Release|Any CPU.Build.0 = Release|Any CPU
		{3E33C15D-61F4-4DBB-B6C8-88DA8EAD39D5}.Debug|Any CPU.ActiveCfg = Debug|Any CPU
		{3E33C15D-61F4-4DBB-B6C8-88DA8EAD39D5}.Debug|Any CPU.Build.0 = Debug|Any CPU
		{3E33C15D-61F4-4DBB-B6C8-88DA8EAD39D5}.Release|Any CPU.ActiveCfg = Release|Any CPU
		{3E33C15D-61F4-4DBB-B6C8-88DA8EAD39D5}.Release|Any CPU.Build.0 = Release|Any CPU
	EndGlobalSection
	GlobalSection(SolutionProperties) = preSolution
		HideSolutionNode = FALSE
	EndGlobalSection
	GlobalSection(ExtensibilityGlobals) = postSolution
		SolutionGuid = {E186D6F0-E55A-4009-8BFA-851CCFBCE452}
	EndGlobalSection
EndGlobal
